{
    "_readme": [
        "This file locks the dependencies of your project to a known state",
        "Read more about it at https://getcomposer.org/doc/01-basic-usage.md#installing-dependencies",
        "This file is @generated automatically"
    ],
    "content-hash": "2c3b558273bb0fb32e6cdb10c58d90e1",
    "packages": [
        {
            "name": "acf/advanced-custom-fields-pro",
            "version": "5.8.9",
            "source": {
                "type": "git",
                "url": "https://github.com/velvet-code/acf-pro",
                "reference": "9f6bf1d0f0476a4d42033eccb473d1489d0f5349"
            },
            "type": "wordpress-plugin",
            "license": [
                "This software is NOT to be distributed, but can be INCLUDED in WP themes: Premium or Contracted."
            ],
            "authors": [
                {
                    "name": "Elliot Condon",
                    "email": "e@elliotcondon.com",
                    "homepage": "http://www.elliotcondon.com"
                }
            ],
            "description": "ACF PRO includes extra fields & features to better develop websites including repeatable blocks, page building layouts, intuitive galleries, custom settings pages and reusable fields!",
            "homepage": "http://www.advancedcustomfields.com",
            "keywords": [
                "acf",
                "advancedcustomfields",
                "plugin",
                "wordpress"
            ],
            "time": "2020-03-27T08:37:04+00:00"
        },
        {
            "name": "composer/installers",
            "version": "v1.9.0",
            "source": {
                "type": "git",
                "url": "https://github.com/composer/installers.git",
                "reference": "b93bcf0fa1fccb0b7d176b0967d969691cd74cca"
            },
            "dist": {
                "type": "zip",
                "url": "https://api.github.com/repos/composer/installers/zipball/b93bcf0fa1fccb0b7d176b0967d969691cd74cca",
                "reference": "b93bcf0fa1fccb0b7d176b0967d969691cd74cca",
                "shasum": ""
            },
            "require": {
                "composer-plugin-api": "^1.0 || ^2.0"
            },
            "replace": {
                "roundcube/plugin-installer": "*",
                "shama/baton": "*"
            },
            "require-dev": {
                "composer/composer": "1.6.* || 2.0.*@dev",
                "composer/semver": "1.0.* || 2.0.*@dev",
                "phpunit/phpunit": "^4.8.36",
                "sebastian/comparator": "^1.2.4",
                "symfony/process": "^2.3"
            },
            "type": "composer-plugin",
            "extra": {
                "class": "Composer\\Installers\\Plugin",
                "branch-alias": {
                    "dev-master": "1.0-dev"
                }
            },
            "autoload": {
                "psr-4": {
                    "Composer\\Installers\\": "src/Composer/Installers"
                }
            },
            "notification-url": "https://packagist.org/downloads/",
            "license": [
                "MIT"
            ],
            "authors": [
                {
                    "name": "Kyle Robinson Young",
                    "email": "kyle@dontkry.com",
                    "homepage": "https://github.com/shama"
                }
            ],
            "description": "A multi-framework Composer library installer",
            "homepage": "https://composer.github.io/installers/",
            "keywords": [
                "Craft",
                "Dolibarr",
                "Eliasis",
                "Hurad",
                "ImageCMS",
                "Kanboard",
                "Lan Management System",
                "MODX Evo",
                "MantisBT",
                "Mautic",
                "Maya",
                "OXID",
                "Plentymarkets",
                "Porto",
                "RadPHP",
                "SMF",
                "Thelia",
                "Whmcs",
                "WolfCMS",
                "agl",
                "aimeos",
                "annotatecms",
                "attogram",
                "bitrix",
                "cakephp",
                "chef",
                "cockpit",
                "codeigniter",
                "concrete5",
                "croogo",
                "dokuwiki",
                "drupal",
                "eZ Platform",
                "elgg",
                "expressionengine",
                "fuelphp",
                "grav",
                "installer",
                "itop",
                "joomla",
                "known",
                "kohana",
                "laravel",
                "lavalite",
                "lithium",
                "magento",
                "majima",
                "mako",
                "mediawiki",
                "modulework",
                "modx",
                "moodle",
                "osclass",
                "phpbb",
                "piwik",
                "ppi",
                "puppet",
                "pxcms",
                "reindex",
                "roundcube",
                "shopware",
                "silverstripe",
                "sydes",
                "sylius",
                "symfony",
                "typo3",
                "wordpress",
                "yawik",
                "zend",
                "zikula"
            ],
            "funding": [
                {
                    "url": "https://packagist.com",
                    "type": "custom"
                },
                {
                    "url": "https://tidelift.com/funding/github/packagist/composer/composer",
                    "type": "tidelift"
                }
            ],
            "time": "2020-04-07T06:57:05+00:00"
        },
        {
            "name": "deliciousbrains/wp-migrate-db-pro",
            "version": "1.9.10",
            "source": {
                "type": "git",
                "url": "https://github.com/velvet-code/wp-migrate-db-pro",
                "reference": "0972886d7220531cb5b8176595135c8efe92a94e"
            },
            "type": "wordpress-plugin",
            "time": "2020-04-01T09:45:23+00:00"
        },
        {
            "name": "ithemes/backupbuddy",
            "version": "8.5.7.0",
            "source": {
                "type": "git",
                "url": "https://github.com/velvet-code/backupbuddy",
                "reference": "f06fcd1226fd8f2ad51475099f89f57170062b7a"
            },
            "type": "wordpress-plugin",
            "time": "2020-05-06T08:26:01+00:00"
        },
        {
            "name": "wpackagist-plugin/autodescription",
            "version": "4.0.7",
            "source": {
                "type": "svn",
                "url": "https://plugins.svn.wordpress.org/autodescription/",
                "reference": "tags/4.0.7"
            },
            "dist": {
                "type": "zip",
                "url": "https://downloads.wordpress.org/plugin/autodescription.4.0.7.zip"
            },
            "require": {
                "composer/installers": "~1.0"
            },
            "type": "wordpress-plugin",
            "homepage": "https://wordpress.org/plugins/autodescription/"
        },
        {
            "name": "wpackagist-plugin/disable-comments",
            "version": "1.10.2",
            "source": {
                "type": "svn",
                "url": "https://plugins.svn.wordpress.org/disable-comments/",
                "reference": "trunk"
            },
            "dist": {
                "type": "zip",
                "url": "https://downloads.wordpress.org/plugin/disable-comments.zip?timestamp=1588316559"
            },
            "require": {
                "composer/installers": "~1.0"
            },
            "type": "wordpress-plugin",
            "homepage": "https://wordpress.org/plugins/disable-comments/"
        },
        {
            "name": "wpackagist-plugin/favicon-by-realfavicongenerator",
            "version": "1.3.18",
            "source": {
                "type": "svn",
                "url": "https://plugins.svn.wordpress.org/favicon-by-realfavicongenerator/",
                "reference": "trunk"
            },
            "dist": {
                "type": "zip",
                "url": "https://downloads.wordpress.org/plugin/favicon-by-realfavicongenerator.zip?timestamp=1586178654"
            },
            "require": {
                "composer/installers": "~1.0"
            },
            "type": "wordpress-plugin",
            "homepage": "https://wordpress.org/plugins/favicon-by-realfavicongenerator/"
        },
        {
            "name": "wpackagist-plugin/regenerate-thumbnails",
            "version": "3.1.3",
            "source": {
                "type": "svn",
                "url": "https://plugins.svn.wordpress.org/regenerate-thumbnails/",
                "reference": "tags/3.1.3"
            },
            "dist": {
                "type": "zip",
                "url": "https://downloads.wordpress.org/plugin/regenerate-thumbnails.3.1.3.zip"
            },
            "require": {
                "composer/installers": "~1.0"
            },
            "type": "wordpress-plugin",
            "homepage": "https://wordpress.org/plugins/regenerate-thumbnails/"
        },
        {
            "name": "wpackagist-plugin/safe-svg",
            "version": "1.9.9",
            "source": {
                "type": "svn",
                "url": "https://plugins.svn.wordpress.org/safe-svg/",
                "reference": "tags/1.9.9"
            },
            "dist": {
                "type": "zip",
                "url": "https://downloads.wordpress.org/plugin/safe-svg.1.9.9.zip"
            },
            "require": {
                "composer/installers": "~1.0"
            },
            "type": "wordpress-plugin",
            "homepage": "https://wordpress.org/plugins/safe-svg/"
        },
        {
            "name": "wpackagist-plugin/simple-custom-post-order",
            "version": "2.5.0",
            "source": {
                "type": "svn",
                "url": "https://plugins.svn.wordpress.org/simple-custom-post-order/",
                "reference": "tags/2.5.0"
            },
            "dist": {
                "type": "zip",
                "url": "https://downloads.wordpress.org/plugin/simple-custom-post-order.2.5.0.zip"
            },
            "require": {
                "composer/installers": "~1.0"
            },
            "type": "wordpress-plugin",
            "homepage": "https://wordpress.org/plugins/simple-custom-post-order/"
        },
        {
            "name": "wpackagist-plugin/stream",
            "version": "3.4.3",
            "source": {
                "type": "svn",
                "url": "https://plugins.svn.wordpress.org/stream/",
                "reference": "tags/3.4.3"
            },
            "dist": {
                "type": "zip",
                "url": "https://downloads.wordpress.org/plugin/stream.3.4.3.zip"
            },
            "require": {
                "composer/installers": "~1.0"
            },
            "type": "wordpress-plugin",
            "homepage": "https://wordpress.org/plugins/stream/"
        }
    ],
    "packages-dev": [
        {
            "name": "giacocorsiglia/wordpress-stubs",
            "version": "v5.1.1",
            "source": {
                "type": "git",
                "url": "https://github.com/GiacoCorsiglia/wordpress-stubs.git",
                "reference": "1c6f011f5c241bab7293315d7fb7fca27fe79473"
            },
            "dist": {
                "type": "zip",
                "url": "https://api.github.com/repos/GiacoCorsiglia/wordpress-stubs/zipball/1c6f011f5c241bab7293315d7fb7fca27fe79473",
                "reference": "1c6f011f5c241bab7293315d7fb7fca27fe79473",
                "shasum": ""
            },
            "require-dev": {
                "ext-gettext": "*",
                "giacocorsiglia/stubs-generator": "^0.5.0",
                "johnpbloch/wordpress": "5.1.1",
                "php": "^7.1"
            },
            "type": "library",
            "notification-url": "https://packagist.org/downloads/",
            "license": [
                "GPL-2.0+"
            ],
            "authors": [
                {
                    "name": "Giaco Corsiglia",
                    "email": "GiacoCorsiglia@gmail.com"
                }
            ],
            "description": "WordPress function, class, and global variable declaration stubs for easier static analysis.",
            "homepage": "https://github.com/GiacoCorsiglia/wordpress-stubs",
            "keywords": [
                "static analysis",
                "wordpress"
            ],
            "time": "2019-03-13T21:16:05+00:00"
        },
        {
            "name": "paulthewalton/acf-pro-stubs",
            "version": "5.8.9.1",
            "source": {
                "type": "git",
                "url": "https://github.com/paulthewalton/acf-pro-stubs.git",
                "reference": "b800ef8354ce4c2528b526e8c76de934620b44aa"
            },
            "dist": {
                "type": "zip",
                "url": "https://api.github.com/repos/paulthewalton/acf-pro-stubs/zipball/b800ef8354ce4c2528b526e8c76de934620b44aa",
                "reference": "b800ef8354ce4c2528b526e8c76de934620b44aa",
                "shasum": ""
            },
            "require": {
                "giacocorsiglia/wordpress-stubs": "*"
            },
            "require-dev": {
                "advanced-custom-fields/advanced-custom-fields-pro": "*",
                "ext-gettext": "*",
                "giacocorsiglia/stubs-generator": "^0.5.0",
                "php": "^7.1"
            },
            "type": "library",
            "notification-url": "https://packagist.org/downloads/",
            "license": [
                "GPL-2.0+"
            ],
            "authors": [
                {
                    "name": "Paul Walton",
                    "email": "pwalton@live.ca",
                    "role": "copycat"
                }
            ],
            "description": "ACF Pro stubs! Based on giacocorsiglia/wordpress-stubs. Advanced Custom Fields function, class, and global variable declaration stubs for easier static analysis.",
            "keywords": [
                "acf",
                "advanced custom fields",
                "pro",
                "static analysis",
                "wordpress"
            ],
            "time": "2020-04-09T22:22:49+00:00"
        },
        {
            "name": "squizlabs/php_codesniffer",
            "version": "2.9.2",
            "source": {
                "type": "git",
                "url": "https://github.com/squizlabs/PHP_CodeSniffer.git",
                "reference": "2acf168de78487db620ab4bc524135a13cfe6745"
            },
            "dist": {
                "type": "zip",
                "url": "https://api.github.com/repos/squizlabs/PHP_CodeSniffer/zipball/2acf168de78487db620ab4bc524135a13cfe6745",
                "reference": "2acf168de78487db620ab4bc524135a13cfe6745",
                "shasum": ""
            },
            "require": {
                "ext-simplexml": "*",
                "ext-tokenizer": "*",
                "ext-xmlwriter": "*",
                "php": ">=5.1.2"
            },
            "require-dev": {
                "phpunit/phpunit": "~4.0"
            },
            "bin": [
                "scripts/phpcs",
                "scripts/phpcbf"
            ],
            "type": "library",
            "extra": {
                "branch-alias": {
                    "dev-master": "2.x-dev"
                }
            },
            "autoload": {
                "classmap": [
                    "CodeSniffer.php",
                    "CodeSniffer/CLI.php",
                    "CodeSniffer/Exception.php",
                    "CodeSniffer/File.php",
                    "CodeSniffer/Fixer.php",
                    "CodeSniffer/Report.php",
                    "CodeSniffer/Reporting.php",
                    "CodeSniffer/Sniff.php",
                    "CodeSniffer/Tokens.php",
                    "CodeSniffer/Reports/",
                    "CodeSniffer/Tokenizers/",
                    "CodeSniffer/DocGenerators/",
                    "CodeSniffer/Standards/AbstractPatternSniff.php",
                    "CodeSniffer/Standards/AbstractScopeSniff.php",
                    "CodeSniffer/Standards/AbstractVariableSniff.php",
                    "CodeSniffer/Standards/IncorrectPatternException.php",
                    "CodeSniffer/Standards/Generic/Sniffs/",
                    "CodeSniffer/Standards/MySource/Sniffs/",
                    "CodeSniffer/Standards/PEAR/Sniffs/",
                    "CodeSniffer/Standards/PSR1/Sniffs/",
                    "CodeSniffer/Standards/PSR2/Sniffs/",
                    "CodeSniffer/Standards/Squiz/Sniffs/",
                    "CodeSniffer/Standards/Zend/Sniffs/"
                ]
            },
            "notification-url": "https://packagist.org/downloads/",
            "license": [
                "BSD-3-Clause"
            ],
            "authors": [
                {
                    "name": "Greg Sherwood",
                    "role": "lead"
                }
            ],
            "description": "PHP_CodeSniffer tokenizes PHP, JavaScript and CSS files and detects violations of a defined set of coding standards.",
            "homepage": "http://www.squizlabs.com/php-codesniffer",
            "keywords": [
                "phpcs",
                "standards"
            ],
            "time": "2018-11-07T22:31:41+00:00"
        }
    ],
    "aliases": [],
    "minimum-stability": "stable",
    "stability-flags": [],
    "prefer-stable": false,
    "prefer-lowest": false,
    "platform": [],
    "platform-dev": [],
    "plugin-api-version": "1.1.0"
}
